name: Weekly Long-Term Investment Screener
on:
  schedule:
    - cron: '30 10 * * 6' # Automatically fires every Saturday at 04:00 PM IST
  workflow_dispatch:      # Manual trigger button override

jobs:
  analyze_and_report:
    runs-on: ubuntu-latest
    steps:
      - name: Load Repository Code
        uses: actions/checkout@v4
        
      - name: Set Up Python Environment
        uses: actions/setup-python@v5
        with:
          python-version: '3.10'
          
      - name: Install Quant Dependencies
        run: pip install requests pandas numpy yfinance
        
      - name: Run 5-Year Nifty 1000 Database Sync
        run: python investment_database.py

      - name: Run Master Performance Report Dispatcher
        run: python investment_reporter.py

      - name: Securely Commit and Push Data Warehouse Changes
        run: |
          git config --global user.name "Nifty1000ResearchBot"
          git config --global user.email "research@algo.terminal"
          
          # 🟢 FIXED: Create the warehouse folder if Git lookups complain during empty cache runs
          mkdir -p investment_data_warehouse
          
          git add investment_data_warehouse/* || true
          git add investment_master_mapping.csv || true
          
          # 🟢 FIXED: Safe conditional block to push files ONLY if changes exist, avoiding Exit Code 128 crashes
          if [ -n "$(git status --porcelain)" ]; then
            git commit -m "Automated Weekly Nifty 1000 Warehouse Update [Skip CI]"
            git push
          else
            echo "No incremental data updates detected today. Repository is already optimized."
          fi
